
Microsoft Visual Studio Solution File, Format Version 12.00
# Visual Studio Version 17
VisualStudioVersion = 17.3.32811.315
MinimumVisualStudioVersion = 10.0.40219.1
Project("{9A19103F-16F7-4668-BE54-9A1E7A4F7556}") = "LineCounter", "LineCounter\LineCounter.csproj", "{0B08C088-651F-4F54-9426-5DF253E4CF24}"
EndProject
Project("{9A19103F-16F7-4668-BE54-9A1E7A4F7556}") = "CodeAnalysis", "CodeAnalysis\CodeAnalysis.csproj", "{E331068A-F503-48B6-A869-A6626B7BB69D}"
EndProject
Global
	GlobalSection(SolutionConfigurationPlatforms) = preSolution
		Debug|Any CPU = Debug|Any CPU
		Release|Any CPU = Release|Any CPU
	EndGlobalSection
	GlobalSection(ProjectConfigurationPlatforms) = postSolution
		{0B08C088-651F-4F54-9426-5DF253E4CF24}.Debug|Any CPU.ActiveCfg = Debug|Any CPU
		{0B08C088-651F-4F54-9426-5DF253E4CF24}.Debug|Any CPU.Build.0 = Debug|Any CPU
		{0B08C088-651F-4F54-9426-5DF253E4CF24}.Release|Any CPU.ActiveCfg = Release|Any CPU
		{0B08C088-651F-4F54-9426-5DF253E4CF24}.Release|Any CPU.Build.0 = Release|Any CPU
		{E331068A-F503-48B6-A869-A6626B7BB69D}.Debug|Any CPU.ActiveCfg = Debug|Any CPU
		{E331068A-F503-48B6-A869-A6626B7BB69D}.Debug|Any CPU.Build.0 = Debug|Any CPU
		{E331068A-F503-48B6-A869-A6626B7BB69D}.Release|Any CPU.ActiveCfg = Release|Any CPU
		{E331068A-F503-48B6-A869-A6626B7BB69D}.Release|Any CPU.Build.0 = Release|Any CPU
	EndGlobalSection
	GlobalSection(SolutionProperties) = preSolution
		HideSolutionNode = FALSE
	EndGlobalSection
	GlobalSection(ExtensibilityGlobals) = postSolution
		SolutionGuid = {71ED9340-5839-4CFC-8BB3-5919F5714213}
	EndGlobalSection
EndGlobal
